// !$*UTF8*$!
{
	archiveVersion = 1;
	classes = {
	};
	objectVersion = 46;
	objects = {

/* Begin PBXBuildFile section */
		F1E8FA871C0C28450084617A /* main.m in Sources */ = {isa = PBXBuildFile; fileRef = F1E8FA861C0C28450084617A /* main.m */; };
		F1E8FA8A1C0C28450084617A /* AppDelegate.m in Sources */ = {isa = PBXBuildFile; fileRef = F1E8FA891C0C28450084617A /* AppDelegate.m */; };
		F1E8FA8D1C0C28450084617A /* ViewController.m in Sources */ = {isa = PBXBuildFile; fileRef = F1E8FA8C1C0C28450084617A /* ViewController.m */; };
		F1E8FA901C0C28450084617A /* Main.storyboard in Resources */ = {isa = PBXBuildFile; fileRef = F1E8FA8E1C0C28450084617A /* Main.storyboard */; };
		F1E8FA921C0C28450084617A /* Assets.xcassets in Resources */ = {isa = PBXBuildFile; fileRef = F1E8FA911C0C28450084617A /* Assets.xcassets */; };
		F1E8FA951C0C28450084617A /* LaunchScreen.storyboard in Resources */ = {isa = PBXBuildFile; fileRef = F1E8FA931C0C28450084617A /* LaunchScreen.storyboard */; };
		F1E8FAA01C0C28450084617A /* AlertViewTestTests.m in Sources */ = {isa = PBXBuildFile; fileRef = F1E8FA9F1C0C28450084617A /* AlertViewTestTests.m */; };
		F1E8FAAB1C0C28450084617A /* AlertViewTestUITests.m in Sources */ = {isa = PBXBuildFile; fileRef = F1E8FAAA1C0C28450084617A /* AlertViewTestUITests.m */; };
/* End PBXBuildFile section */

/* Begin PBXContainerItemProxy section */
		F1E8FA9C1C0C28450084617A /* PBXContainerItemProxy */ = {
			isa = PBXContainerItemProxy;
			containerPortal = F1E8FA7A1C0C28450084617A /* Project object */;
			proxyType = 1;
			remoteGlobalIDString = F1E8FA811C0C28450084617A;
			remoteInfo = AlertViewTest;
		};
		F1E8FAA71C0C28450084617A /* PBXContainerItemProxy */ = {
			isa = PBXContainerItemProxy;
			containerPortal = F1E8FA7A1C0C28450084617A /* Project object */;
			proxyType = 1;
			remoteGlobalIDString = F1E8FA811C0C28450084617A;
			remoteInfo = AlertViewTest;
		};
/* End PBXContainerItemProxy section */

/* Begin PBXFileReference section */
		F1E8FA821C0C28450084617A /* AlertViewTest.app */ = {isa = PBXFileReference; explicitFileType = wrapper.application; includeInIndex = 0; path = AlertViewTest.app; sourceTree = BUILT_PRODUCTS_DIR; };
		F1E8FA861C0C28450084617A /* main.m */ = {isa = PBXFileReference; lastKnownFileType = sourcecode.c.objc; path = main.m; sourceTree = "<group>"; };
		F1E8FA881C0C28450084617A /* AppDelegate.h */ = {isa = PBXFileReference; lastKnownFileType = sourcecode.c.h; path = AppDelegate.h; sourceTree = "<group>"; };
		F1E8FA891C0C28450084617A /* AppDelegate.m */ = {isa = PBXFileReference; lastKnownFileType = sourcecode.c.objc; path = AppDelegate.m; sourceTree = "<group>"; };
		F1E8FA8B1C0C28450084617A /* ViewController.h */ = {isa = PBXFileReference; lastKnownFileType = sourcecode.c.h; path = ViewController.h; sourceTree = "<group>"; };
		F1E8FA8C1C0C28450084617A /* ViewController.m */ = {isa = PBXFileReference; lastKnownFileType = sourcecode.c.objc; path = ViewController.m; sourceTree = "<group>"; };
		F1E8FA8F1C0C28450084617A /* Base */ = {isa = PBXFileReference; lastKnownFileType = file.storyboard; name = Base; path = Base.lproj/Main.storyboard; sourceTree = "<group>"; };
		F1E8FA911C0C28450084617A /* Assets.xcassets */ = {isa = PBXFileReference; lastKnownFileType = folder.assetcatalog; path = Assets.xcassets; sourceTree = "<group>"; };
		F1E8FA941C0C28450084617A /* Base */ = {isa = PBXFileReference; lastKnownFileType = file.storyboard; name = Base; path = Base.lproj/LaunchScreen.storyboard; sourceTree = "<group>"; };
		F1E8FA961C0C28450084617A /* Info.plist */ = {isa = PBXFileReference; lastKnownFileType = text.plist.xml; path = Info.plist; sourceTree = "<group>"; };
		F1E8FA9B1C0C28450084617A /* AlertViewTestTests.xctest */ = {isa = PBXFileReference; explicitFileType = wrapper.cfbundle; includeInIndex = 0; path = AlertViewTestTests.xctest; sourceTree = BUILT_PRODUCTS_DIR; };
		F1E8FA9F1C0C28450084617A /* AlertViewTestTests.m */ = {isa = PBXFileReference; lastKnownFileType = sourcecode.c.objc; path = AlertViewTestTests.m; sourceTree = "<group>"; };
		F1E8FAA11C0C28450084617A /* Info.plist */ = {isa = PBXFileReference; lastKnownFileType = text.plist.xml; path = Info.plist; sourceTree = "<group>"; };
		F1E8FAA61C0C28450084617A /* AlertViewTestUITests.xctest */ = {isa = PBXFileReference; explicitFileType = wrapper.cfbundle; includeInIndex = 0; path = AlertViewTestUITests.xctest; sourceTree = BUILT_PRODUCTS_DIR; };
		F1E8FAAA1C0C28450084617A /* AlertViewTestUITests.m */ = {isa = PBXFileReference; lastKnownFileType = sourcecode.c.objc; path = AlertViewTestUITests.m; sourceTree = "<group>"; };
		F1E8FAAC1C0C28450084617A /* Info.plist */ = {isa = PBXFileReference; lastKnownFileType = text.plist.xml; path = Info.plist; sourceTree = "<group>"; };
/* End PBXFileReference section */

/* Begin PBXFrameworksBuildPhase section */
		F1E8FA7F1C0C28450084617A /* Frameworks */ = {
			isa = PBXFrameworksBuildPhase;
			buildActionMask = 2147483647;
			files = (
			);
			runOnlyForDeploymentPostprocessing = 0;
		};
		F1E8FA981C0C28450084617A /* Frameworks */ = {
			isa = PBXFrameworksBuildPhase;
			buildActionMask = 2147483647;
			files = (
			);
			runOnlyForDeploymentPostprocessing = 0;
		};
		F1E8FAA31C0C28450084617A /* Frameworks */ = {
			isa = PBXFrameworksBuildPhase;
			buildActionMask = 2147483647;
			files = (
			);
			runOnlyForDeploymentPostprocessing = 0;
		};
/* End PBXFrameworksBuildPhase section */

/* Begin PBXGroup section */
		F1E8FA791C0C28450084617A = {
			isa = PBXGroup;
			children = (
				F1E8FA841C0C28450084617A /* AlertViewTest */,
				F1E8FA9E1C0C28450084617A /* AlertViewTestTests */,
				F1E8FAA91C0C28450084617A /* AlertViewTestUITests */,
				F1E8FA831C0C28450084617A /* Products */,
			);
			sourceTree = "<group>";
		};
		F1E8FA831C0C28450084617A /* Products */ = {
			isa = PBXGroup;
			children = (
				F1E8FA821C0C28450084617A /* AlertViewTest.app */,
				F1E8FA9B1C0C28450084617A /* AlertViewTestTests.xctest */,
				F1E8FAA61C0C28450084617A /* AlertViewTestUITests.xctest */,
			);
			name = Products;
			sourceTree = "<group>";
		};
		F1E8FA841C0C28450084617A /* AlertViewTest */ = {
			isa = PBXGroup;
			children = (
				F1E8FA881C0C28450084617A /* AppDelegate.h */,
				F1E8FA891C0C28450084617A /* AppDelegate.m */,
				F1E8FA8B1C0C28450084617A /* ViewController.h */,
				F1E8FA8C1C0C28450084617A /* ViewController.m */,
				F1E8FA8E1C0C28450084617A /* Main.storyboard */,
				F1E8FA911C0C28450084617A /* Assets.xcassets */,
				F1E8FA931C0C28450084617A /* LaunchScreen.storyboard */,
				F1E8FA961C0C28450084617A /* Info.plist */,
				F1E8FA851C0C28450084617A /* Supporting Files */,
			);
			path = AlertViewTest;
			sourceTree = "<group>";
		};
		F1E8FA851C0C28450084617A /* Supporting Files */ = {
			isa = PBXGroup;
			children = (
				F1E8FA861C0C28450084617A /* main.m */,
			);
			name = "Supporting Files";
			sourceTree = "<group>";
		};
		F1E8FA9E1C0C28450084617A /* AlertViewTestTests */ = {
			isa = PBXGroup;
			children = (
				F1E8FA9F1C0C28450084617A /* AlertViewTestTests.m */,
				F1E8FAA11C0C28450084617A /* Info.plist */,
			);
			path = AlertViewTestTests;
			sourceTree = "<group>";
		};
		F1E8FAA91C0C28450084617A /* AlertViewTestUITests */ = {
			isa = PBXGroup;
			children = (
				F1E8FAAA1C0C28450084617A /* AlertViewTestUITests.m */,
				F1E8FAAC1C0C28450084617A /* Info.plist */,
			);
			path = AlertViewTestUITests;
			sourceTree = "<group>";
		};
/* End PBXGroup section */

/* Begin PBXNativeTarget section */
		F1E8FA811C0C28450084617A /* AlertViewTest */ = {
			isa = PBXNativeTarget;
			buildConfigurationList = F1E8FAAF1C0C28450084617A /* Build configuration list for PBXNativeTarget "AlertViewTest" */;
			buildPhases = (
				F1E8FA7E1C0C28450084617A /* Sources */,
				F1E8FA7F1C0C28450084617A /* Frameworks */,
				F1E8FA801C0C28450084617A /* Resources */,
			);
			buildRules = (
			);
			dependencies = (
			);
			name = AlertViewTest;
			productName = AlertViewTest;
			productReference = F1E8FA821C0C28450084617A /* AlertViewTest.app */;
			productType = "com.apple.product-type.application";
		};
		F1E8FA9A1C0C28450084617A /* AlertViewTestTests */ = {
			isa = PBXNativeTarget;
			buildConfigurationList = F1E8FAB21C0C28450084617A /* Build configuration list for PBXNativeTarget "AlertViewTestTests" */;
			buildPhases = (
				F1E8FA971C0C28450084617A /* Sources */,
				F1E8FA981C0C28450084617A /* Frameworks */,
				F1E8FA991C0C28450084617A /* Resources */,
			);
			buildRules = (
			);
			dependencies = (
				F1E8FA9D1C0C28450084617A /* PBXTargetDependency */,
			);
			name = AlertViewTestTests;
			productName = AlertViewTestTests;
			productReference = F1E8FA9B1C0C28450084617A /* AlertViewTestTests.xctest */;
			productType = "com.apple.product-type.bundle.unit-test";
		};
		F1E8FAA51C0C28450084617A /* AlertViewTestUITests */ = {
			isa = PBXNativeTarget;
			buildConfigurationList = F1E8FAB51C0C28450084617A /* Build configuration list for PBXNativeTarget "AlertViewTestUITests" */;
			buildPhases = (
				F1E8FAA21C0C28450084617A /* Sources */,
				F1E8FAA31C0C28450084617A /* Frameworks */,
				F1E8FAA41C0C28450084617A /* Resources */,
			);
			buildRules = (
			);
			dependencies = (
				F1E8FAA81C0C28450084617A /* PBXTargetDependency */,
			);
			name = AlertViewTestUITests;
			productName = AlertViewTestUITests;
			productReference = F1E8FAA61C0C28450084617A /* AlertViewTestUITests.xctest */;
			productType = "com.apple.product-type.bundle.ui-testing";
		};
/* End PBXNativeTarget section */

/* Begin PBXProject section */
		F1E8FA7A1C0C28450084617A /* Project object */ = {
			isa = PBXProject;
			attributes = {
				LastUpgradeCheck = 0710;
				ORGANIZATIONNAME = zhang_rongwu;
				TargetAttributes = {
					F1E8FA811C0C28450084617A = {
						CreatedOnToolsVersion = 7.1;
					};
					F1E8FA9A1C0C28450084617A = {
						CreatedOnToolsVersion = 7.1;
						TestTargetID = F1E8FA811C0C28450084617A;
					};
					F1E8FAA51C0C28450084617A = {
						CreatedOnToolsVersion = 7.1;
						TestTargetID = F1E8FA811C0C28450084617A;
					};
				};
			};
			buildConfigurationList = F1E8FA7D1C0C28450084617A /* Build configuration list for PBXProject "AlertViewTest" */;
			compatibilityVersion = "Xcode 3.2";
			developmentRegion = English;
			hasScannedForEncodings = 0;
			knownRegions = (
				en,
				Base,
			);
			mainGroup = F1E8FA791C0C28450084617A;
			productRefGroup = F1E8FA831C0C28450084617A /* Products */;
			projectDirPath = "";
			projectRoot = "";
			targets = (
				F1E8FA811C0C28450084617A /* AlertViewTest */,
				F1E8FA9A1C0C28450084617A /* AlertViewTestTests */,
				F1E8FAA51C0C28450084617A /* AlertViewTestUITests */,
			);
		};
/* End PBXProject section */

/* Begin PBXResourcesBuildPhase section */
		F1E8FA801C0C28450084617A /* Resources */ = {
			isa = PBXResourcesBuildPhase;
			buildActionMask = 2147483647;
			files = (
				F1E8FA951C0C28450084617A /* LaunchScreen.storyboard in Resources */,
				F1E8FA921C0C28450084617A /* Assets.xcassets in Resources */,
				F1E8FA901C0C28450084617A /* Main.storyboard in Resources */,
			);
			runOnlyForDeploymentPostprocessing = 0;
		};
		F1E8FA991C0C28450084617A /* Resources */ = {
			isa = PBXResourcesBuildPhase;
			buildActionMask = 2147483647;
			files = (
			);
			runOnlyForDeploymentPostprocessing = 0;
		};
		F1E8FAA41C0C28450084617A /* Resources */ = {
			isa = PBXResourcesBuildPhase;
			buildActionMask = 2147483647;
			files = (
			);
			runOnlyForDeploymentPostprocessing = 0;
		};
/* End PBXResourcesBuildPhase section */

/* Begin PBXSourcesBuildPhase section */
		F1E8FA7E1C0C28450084617A /* Sources */ = {
			isa = PBXSourcesBuildPhase;
			buildActionMask = 2147483647;
			files = (
				F1E8FA8D1C0C28450084617A /* ViewController.m in Sources */,
				F1E8FA8A1C0C28450084617A /* AppDelegate.m in Sources */,
				F1E8FA871C0C28450084617A /* main.m in Sources */,
			);
			runOnlyForDeploymentPostprocessing = 0;
		};
		F1E8FA971C0C28450084617A /* Sources */ = {
			isa = PBXSourcesBuildPhase;
			buildActionMask = 2147483647;
			files = (
				F1E8FAA01C0C28450084617A /* AlertViewTestTests.m in Sources */,
			);
			runOnlyForDeploymentPostprocessing = 0;
		};
		F1E8FAA21C0C28450084617A /* Sources */ = {
			isa = PBXSourcesBuildPhase;
			buildActionMask = 2147483647;
			files = (
				F1E8FAAB1C0C28450084617A /* AlertViewTestUITests.m in Sources */,
			);
			runOnlyForDeploymentPostprocessing = 0;
		};
/* End PBXSourcesBuildPhase section */

/* Begin PBXTargetDependency section */
		F1E8FA9D1C0C28450084617A /* PBXTargetDependency */ = {
			isa = PBXTargetDependency;
			target = F1E8FA811C0C28450084617A /* AlertViewTest */;
			targetProxy = F1E8FA9C1C0C28450084617A /* PBXContainerItemProxy */;
		};
		F1E8FAA81C0C28450084617A /* PBXTargetDependency */ = {
			isa = PBXTargetDependency;
			target = F1E8FA811C0C28450084617A /* AlertViewTest */;
			targetProxy = F1E8FAA71C0C28450084617A /* PBXContainerItemProxy */;
		};
/* End PBXTargetDependency section */

/* Begin PBXVariantGroup section */
		F1E8FA8E1C0C28450084617A /* Main.storyboard */ = {
			isa = PBXVariantGroup;
			children = (
				F1E8FA8F1C0C28450084617A /* Base */,
			);
			name = Main.storyboard;
			sourceTree = "<group>";
		};
		F1E8FA931C0C28450084617A /* LaunchScreen.storyboard */ = {
			isa = PBXVariantGroup;
			children = (
				F1E8FA941C0C28450084617A /* Base */,
			);
			name = LaunchScreen.storyboard;
			sourceTree = "<group>";
		};
/* End PBXVariantGroup section */

/* Begin XCBuildConfiguration section */
		F1E8FAAD1C0C28450084617A /* Debug */ = {
			isa = XCBuildConfiguration;
			buildSettings = {
				ALWAYS_SEARCH_USER_PATHS = NO;
				CLANG_CXX_LANGUAGE_STANDARD = "gnu++0x";
				CLANG_CXX_LIBRARY = "libc++";
				CLANG_ENABLE_MODULES = YES;
				CLANG_ENABLE_OBJC_ARC = YES;
				CLANG_WARN_BOOL_CONVERSION = YES;
				CLANG_WARN_CONSTANT_CONVERSION = YES;
				CLANG_WARN_DIRECT_OBJC_ISA_USAGE = YES_ERROR;
				CLANG_WARN_EMPTY_BODY = YES;
				CLANG_WARN_ENUM_CONVERSION = YES;
				CLANG_WARN_INT_CONVERSION = YES;
				CLANG_WARN_OBJC_ROOT_CLASS = YES_ERROR;
				CLANG_WARN_UNREACHABLE_CODE = YES;
				CLANG_WARN__DUPLICATE_METHOD_MATCH = YES;
				"CODE_SIGN_IDENTITY[sdk=iphoneos*]" = "iPhone Developer";
				COPY_PHASE_STRIP = NO;
				DEBUG_INFORMATION_FORMAT = dwarf;
				ENABLE_STRICT_OBJC_MSGSEND = YES;
				ENABLE_TESTABILITY = YES;
				GCC_C_LANGUAGE_STANDARD = gnu99;
				GCC_DYNAMIC_NO_PIC = NO;
				GCC_NO_COMMON_BLOCKS = YES;
				GCC_OPTIMIZATION_LEVEL = 0;
				GCC_PREPROCESSOR_DEFINITIONS = (
					"DEBUG=1",
					"$(inherited)",
				);
				GCC_WARN_64_TO_32_BIT_CONVERSION = YES;
				GCC_WARN_ABOUT_RETURN_TYPE = YES_ERROR;
				GCC_WARN_UNDECLARED_SELECTOR = YES;
				GCC_WARN_UNINITIALIZED_AUTOS = YES_AGGRESSIVE;
				GCC_WARN_UNUSED_FUNCTION = YES;
				GCC_WARN_UNUSED_VARIABLE = YES;
				IPHONEOS_DEPLOYMENT_TARGET = 9.1;
				MTL_ENABLE_DEBUG_INFO = YES;
				ONLY_ACTIVE_ARCH = YES;
				SDKROOT = iphoneos;
				TARGETED_DEVICE_FAMILY = "1,2";
			};
			name = Debug;
		};
		F1E8FAAE1C0C28450084617A /* Release */ = {
			isa = XCBuildConfiguration;
			buildSettings = {
				ALWAYS_SEARCH_USER_PATHS = NO;
				CLANG_CXX_LANGUAGE_STANDARD = "gnu++0x";
				CLANG_CXX_LIBRARY = "libc++";
				CLANG_ENABLE_MODULES = YES;
				CLANG_ENABLE_OBJC_ARC = YES;
				CLANG_WARN_BOOL_CONVERSION = YES;
				CLANG_WARN_CONSTANT_CONVERSION = YES;
				CLANG_WARN_DIRECT_OBJC_ISA_USAGE = YES_ERROR;
				CLANG_WARN_EMPTY_BODY = YES;
				CLANG_WARN_ENUM_CONVERSION = YES;
				CLANG_WARN_INT_CONVERSION = YES;
				CLANG_WARN_OBJC_ROOT_CLASS = YES_ERROR;
				CLANG_WARN_UNREACHABLE_CODE = YES;
				CLANG_WARN__DUPLICATE_METHOD_MATCH = YES;
				"CODE_SIGN_IDENTITY[sdk=iphoneos*]" = "iPhone Developer";
				COPY_PHASE_STRIP = NO;
				DEBUG_INFORMATION_FORMAT = "dwarf-with-dsym";
				ENABLE_NS_ASSERTIONS = NO;
				ENABLE_STRICT_OBJC_MSGSEND = YES;
				GCC_C_LANGUAGE_STANDARD = gnu99;
				GCC_NO_COMMON_BLOCKS = YES;
				GCC_WARN_64_TO_32_BIT_CONVERSION = YES;
				GCC_WARN_ABOUT_RETURN_TYPE = YES_ERROR;
				GCC_WARN_UNDECLARED_SELECTOR = YES;
				GCC_WARN_UNINITIALIZED_AUTOS = YES_AGGRESSIVE;
				GCC_WARN_UNUSED_FUNCTION = YES;
				GCC_WARN_UNUSED_VARIABLE = YES;
				IPHONEOS_DEPLOYMENT_TARGET = 9.1;
				MTL_ENABLE_DEBUG_INFO = NO;
				SDKROOT = iphoneos;
				TARGETED_DEVICE_FAMILY = "1,2";
				VALIDATE_PRODUCT = YES;
			};
			name = Release;
		};
		F1E8FAB01C0C28450084617A /* Debug */ = {
			isa = XCBuildConfiguration;
			buildSettings = {
				ASSETCATALOG_COMPILER_APPICON_NAME = AppIcon;
				INFOPLIST_FILE = AlertViewTest/Info.plist;
				LD_RUNPATH_SEARCH_PATHS = "$(inherited) @executable_path/Frameworks";
				PRODUCT_BUNDLE_IDENTIFIER = "zhang-rongwu.AlertViewTest";
				PRODUCT_NAME = "$(TARGET_NAME)";
			};
			name = Debug;
		};
		F1E8FAB11C0C28450084617A /* Release */ = {
			isa = XCBuildConfiguration;
			buildSettings = {
				ASSETCATALOG_COMPILER_APPICON_NAME = AppIcon;
				INFOPLIST_FILE = AlertViewTest/Info.plist;
				LD_RUNPATH_SEARCH_PATHS = "$(inherited) @executable_path/Frameworks";
				PRODUCT_BUNDLE_IDENTIFIER = "zhang-rongwu.AlertViewTest";
				PRODUCT_NAME = "$(TARGET_NAME)";
			};
			name = Release;
		};
		F1E8FAB31C0C28450084617A /* Debug */ = {
			isa = XCBuildConfiguration;
			buildSettings = {
				BUNDLE_LOADER = "$(TEST_HOST)";
				INFOPLIST_FILE = AlertViewTestTests/Info.plist;
				LD_RUNPATH_SEARCH_PATHS = "$(inherited) @executable_path/Frameworks @loader_path/Frameworks";
				PRODUCT_BUNDLE_IDENTIFIER = "zhang-rongwu.AlertViewTestTests";
				PRODUCT_NAME = "$(TARGET_NAME)";
				TEST_HOST = "$(BUILT_PRODUCTS_DIR)/AlertViewTest.app/AlertViewTest";
			};
			name = Debug;
		};
		F1E8FAB41C0C28450084617A /* Release */ = {
			isa = XCBuildConfiguration;
			buildSettings = {
				BUNDLE_LOADER = "$(TEST_HOST)";
				INFOPLIST_FILE = AlertViewTestTests/Info.plist;
				LD_RUNPATH_SEARCH_PATHS = "$(inherited) @executable_path/Frameworks @loader_path/Frameworks";
				PRODUCT_BUNDLE_IDENTIFIER = "zhang-rongwu.AlertViewTestTests";
				PRODUCT_NAME = "$(TARGET_NAME)";
				TEST_HOST = "$(BUILT_PRODUCTS_DIR)/AlertViewTest.app/AlertViewTest";
			};
			name = Release;
		};
		F1E8FAB61C0C28450084617A /* Debug */ = {
			isa = XCBuildConfiguration;
			buildSettings = {
				INFOPLIST_FILE = AlertViewTestUITests/Info.plist;
				LD_RUNPATH_SEARCH_PATHS = "$(inherited) @executable_path/Frameworks @loader_path/Frameworks";
				PRODUCT_BUNDLE_IDENTIFIER = "zhang-rongwu.AlertViewTestUITests";
				PRODUCT_NAME = "$(TARGET_NAME)";
				TEST_TARGET_NAME = AlertViewTest;
				USES_XCTRUNNER = YES;
			};
			name = Debug;
		};
		F1E8FAB71C0C28450084617A /* Release */ = {
			isa = XCBuildConfiguration;
			buildSettings = {
				INFOPLIST_FILE = AlertViewTestUITests/Info.plist;
				LD_RUNPATH_SEARCH_PATHS = "$(inherited) @executable_path/Frameworks @loader_path/Frameworks";
				PRODUCT_BUNDLE_IDENTIFIER = "zhang-rongwu.AlertViewTestUITests";
				PRODUCT_NAME = "$(TARGET_NAME)";
				TEST_TARGET_NAME = AlertViewTest;
				USES_XCTRUNNER = YES;
			};
			name = Release;
		};
/* End XCBuildConfiguration section */

/* Begin XCConfigurationList section */
		F1E8FA7D1C0C28450084617A /* Build configuration list for PBXProject "AlertViewTest" */ = {
			isa = XCConfigurationList;
			buildConfigurations = (
				F1E8FAAD1C0C28450084617A /* Debug */,
				F1E8FAAE1C0C28450084617A /* Release */,
			);
			defaultConfigurationIsVisible = 0;
			defaultConfigurationName = Release;
		};
		F1E8FAAF1C0C28450084617A /* Build configuration list for PBXNativeTarget "AlertViewTest" */ = {
			isa = XCConfigurationList;
			buildConfigurations = (
				F1E8FAB01C0C28450084617A /* Debug */,
				F1E8FAB11C0C28450084617A /* Release */,
			);
			defaultConfigurationIsVisible = 0;
		};
		F1E8FAB21C0C28450084617A /* Build configuration list for PBXNativeTarget "AlertViewTestTests" */ = {
			isa = XCConfigurationList;
			buildConfigurations = (
				F1E8FAB31C0C28450084617A /* Debug */,
				F1E8FAB41C0C28450084617A /* Release */,
			);
			defaultConfigurationIsVisible = 0;
		};
		F1E8FAB51C0C28450084617A /* Build configuration list for PBXNativeTarget "AlertViewTestUITests" */ = {
			isa = XCConfigurationList;
			buildConfigurations = (
				F1E8FAB61C0C28450084617A /* Debug */,
				F1E8FAB71C0C28450084617A /* Release */,
			);
			defaultConfigurationIsVisible = 0;
		};
/* End XCConfigurationList section */
	};
	rootObject = F1E8FA7A1C0C28450084617A /* Project object */;
}
